
Microsoft Visual Studio Solution File, Format Version 12.00
# Visual Studio Version 17
VisualStudioVersion = 17.14.36221.1 d17.14
MinimumVisualStudioVersion = 10.0.40219.1
Project("{FAE04EC0-301F-11D3-BF4B-00C04F79EFBC}") = "oop01Cs", "oop01Cs\oop01Cs.csproj", "{9C293145-A049-4C49-B4E8-0692CE370719}"
EndProject
Global
	GlobalSection(SolutionConfigurationPlatforms) = preSolution
		Debug|Any CPU = Debug|Any CPU
		Release|Any CPU = Release|Any CPU
	EndGlobalSection
	GlobalSection(ProjectConfigurationPlatforms) = postSolution
		{9C293145-A049-4C49-B4E8-0692CE370719}.Debug|Any CPU.ActiveCfg = Debug|Any CPU
		{9C293145-A049-4C49-B4E8-0692CE370719}.Debug|Any CPU.Build.0 = Debug|Any CPU
		{9C293145-A049-4C49-B4E8-0692CE370719}.Release|Any CPU.ActiveCfg = Release|Any CPU
		{9C293145-A049-4C49-B4E8-0692CE370719}.Release|Any CPU.Build.0 = Release|Any CPU
	EndGlobalSection
	GlobalSection(SolutionProperties) = preSolution
		HideSolutionNode = FALSE
	EndGlobalSection
	GlobalSection(ExtensibilityGlobals) = postSolution
		SolutionGuid = {E098F973-9DBB-4BE6-9169-16BAFFCE34F5}
	EndGlobalSection
EndGlobal
